{
  "name": "github-hook-demo-for-gold-miner",
  "version": "0.1.0",
  "lockfileVersion": 1,
  "requires": true,
  "dependencies": {
    "@octokit/endpoint": {
      "version": "5.1.1",
      "resolved": "https://registry.npm.taobao.org/@octokit/endpoint/download/@octokit/endpoint-5.1.1.tgz",
      "integrity": "sha1-vZamfRQb2Jf9U1dQH86kR5GHCSU=",
      "requires": {
        "deepmerge": "3.2.0",
        "is-plain-object": "^3.0.0",
        "universal-user-agent": "^2.0.1",
        "url-template": "^2.0.8"
      }
    },
    "@octokit/request": {
      "version": "3.0.2",
      "resolved": "https://registry.npm.taobao.org/@octokit/request/download/@octokit/request-3.0.2.tgz",
      "integrity": "sha1-3SQkaR9IbX6jMuwG495VseoTxdw=",
      "requires": {
        "@octokit/endpoint": "^5.1.0",
        "deprecation": "^1.0.1",
        "is-plain-object": "^3.0.0",
        "node-fetch": "^2.3.0",
        "once": "^1.4.0",
        "universal-user-agent": "^2.0.1"
      }
    },
    "@octokit/rest": {
      "version": "16.25.3",
      "resolved": "https://registry.npm.taobao.org/@octokit/rest/download/@octokit/rest-16.25.3.tgz",
      "integrity": "sha1-zp56YjDSDVhXTskp9iLyd46tfrQ=",
      "requires": {
        "@octokit/request": "3.0.2",
        "atob-lite": "^2.0.0",
        "before-after-hook": "^1.4.0",
        "btoa-lite": "^1.0.0",
        "deprecation": "^1.0.1",
        "lodash.get": "^4.4.2",
        "lodash.set": "^4.3.2",
        "lodash.uniq": "^4.5.0",
        "octokit-pagination-methods": "^1.1.0",
        "once": "^1.4.0",
        "universal-user-agent": "^2.0.0",
        "url-template": "^2.0.8"
      }
    },
    "@types/node": {
      "version": "12.0.0",
      "resolved": "https://registry.npm.taobao.org/@types/node/download/@types/node-12.0.0.tgz",
      "integrity": "sha1-0RgTucD/iqyinwTLwSgX9MfWVuU="
    },
    "@types/unist": {
      "version": "2.0.3",
      "resolved": "https://registry.npm.taobao.org/@types/unist/download/@types/unist-2.0.3.tgz",
      "integrity": "sha1-nAiGeYdvN061mD8VDUeHqm+zLX4="
    },
    "@types/vfile": {
      "version": "3.0.2",
      "resolved": "https://registry.npm.taobao.org/@types/vfile/download/@types/vfile-3.0.2.tgz",
      "integrity": "sha1-GcGM0jLfEc5vpq2AJZvIbDZrCbk=",
      "requires": {
        "@types/node": "*",
        "@types/unist": "*",
        "@types/vfile-message": "*"
      }
    },
    "@types/vfile-message": {
      "version": "1.0.1",
      "resolved": "https://registry.npm.taobao.org/@types/vfile-message/download/@types/vfile-message-1.0.1.tgz",
      "integrity": "sha1-4emJXMazbEYtQkTmTm0Lbq9lNVo=",
      "requires": {
        "@types/node": "*",
        "@types/unist": "*"
      }
    },
    "agent-base": {
      "version": "2.1.1",
      "resolved": "https://registry.npm.taobao.org/agent-base/download/agent-base-2.1.1.tgz",
      "integrity": "sha1-1t4Q1a9hMtW9aSQn1G/FOFOQlMc=",
      "requires": {
        "extend": "~3.0.0",
        "semver": "~5.0.1"
      }
    },
    "ansi-styles": {
      "version": "3.2.1",
      "resolved": "http://registry.npm.taobao.org/ansi-styles/download/ansi-styles-3.2.1.tgz",
      "integrity": "sha1-QfuyAkPlCxK+DwS43tvwdSDOhB0=",
      "requires": {
        "color-convert": "^1.9.0"
      }
    },
    "atob-lite": {
      "version": "2.0.0",
      "resolved": "http://registry.npm.taobao.org/atob-lite/download/atob-lite-2.0.0.tgz",
      "integrity": "sha1-D+9a1G8b16hQLGVyfwNn1e5D1pY="
    },
    "bail": {
      "version": "1.0.4",
      "resolved": "https://registry.npm.taobao.org/bail/download/bail-1.0.4.tgz",
      "integrity": "sha1-cYG2bVCKowVdP2wT8KDHIGQd3ps="
    },
    "before-after-hook": {
      "version": "1.4.0",
      "resolved": "https://registry.npm.taobao.org/before-after-hook/download/before-after-hook-1.4.0.tgz",
      "integrity": "sha1-K2vyPcpPMuYo/SdHwQo3x0pLSE0="
    },
    "btoa-lite": {
      "version": "1.0.0",
      "resolved": "https://registry.npm.taobao.org/btoa-lite/download/btoa-lite-1.0.0.tgz",
      "integrity": "sha1-M3dm2hWAEhD92VbCLpxokaudAzc="
    },
    "bytes": {
      "version": "2.5.0",
      "resolved": "http://registry.npm.taobao.org/bytes/download/bytes-2.5.0.tgz",
      "integrity": "sha1-TJQj6i0lLCcMQbK97+/5u2tiwGo="
    },
    "ccount": {
      "version": "1.0.4",
      "resolved": "https://registry.npm.taobao.org/ccount/download/ccount-1.0.4.tgz",
      "integrity": "sha1-nPLeSUyoQGCiqNKFTt1t+wRF84Y="
    },
    "chalk": {
      "version": "2.4.2",
      "resolved": "http://registry.npm.taobao.org/chalk/download/chalk-2.4.2.tgz?cache=0&other_urls=http%3A%2F%2Fregistry.npm.taobao.org%2Fchalk%2Fdownload%2Fchalk-2.4.2.tgz",
      "integrity": "sha1-zUJUFnelQzPPVBpJEIwUMrRMlCQ=",
      "requires": {
        "ansi-styles": "^3.2.1",
        "escape-string-regexp": "^1.0.5",
        "supports-color": "^5.3.0"
      }
    },
    "character-entities": {
      "version": "1.2.3",
      "resolved": "https://registry.npm.taobao.org/character-entities/download/character-entities-1.2.3.tgz",
      "integrity": "sha1-u+1KUv5++YzHE8bYDZ+qJpFtVOY="
    },
    "character-entities-html4": {
      "version": "1.1.3",
      "resolved": "https://registry.npm.taobao.org/character-entities-html4/download/character-entities-html4-1.1.3.tgz",
      "integrity": "sha1-XObgFhjkcEisIvNPfznbXG/Wee8="
    },
    "character-entities-legacy": {
      "version": "1.1.3",
      "resolved": "https://registry.npm.taobao.org/character-entities-legacy/download/character-entities-legacy-1.1.3.tgz",
      "integrity": "sha1-PHKZkdkpPaDt5t3crx8s4QCe6LQ="
    },
    "character-reference-invalid": {
      "version": "1.1.3",
      "resolved": "https://registry.npm.taobao.org/character-reference-invalid/download/character-reference-invalid-1.1.3.tgz",
      "integrity": "sha1-Fkf09yZjjT6kp1DPXRl1wceRmoU="
    },
    "collapse-white-space": {
      "version": "1.0.5",
      "resolved": "https://registry.npm.taobao.org/collapse-white-space/download/collapse-white-space-1.0.5.tgz",
      "integrity": "sha1-wklbaZqx7TgNKaEJHgEGPnXbvjo="
    },
    "color-convert": {
      "version": "1.9.3",
      "resolved": "http://registry.npm.taobao.org/color-convert/download/color-convert-1.9.3.tgz",
      "integrity": "sha1-u3GFBpDh8TZWfeYp0tVHHe2kweg=",
      "requires": {
        "color-name": "1.1.3"
      }
    },
    "color-name": {
      "version": "1.1.3",
      "resolved": "http://registry.npm.taobao.org/color-name/download/color-name-1.1.3.tgz",
      "integrity": "sha1-p9BVi9icQveV3UIyj3QIMcpTvCU="
    },
    "core-util-is": {
      "version": "1.0.2",
      "resolved": "http://registry.npm.taobao.org/core-util-is/download/core-util-is-1.0.2.tgz",
      "integrity": "sha1-tf1UIgqivFq1eqtxQMlAdUUDwac="
    },
    "cross-spawn": {
      "version": "6.0.5",
      "resolved": "http://registry.npm.taobao.org/cross-spawn/download/cross-spawn-6.0.5.tgz",
      "integrity": "sha1-Sl7Hxk364iw6FBJNus3uhG2Ay8Q=",
      "requires": {
        "nice-try": "^1.0.4",
        "path-key": "^2.0.1",
        "semver": "^5.5.0",
        "shebang-command": "^1.2.0",
        "which": "^1.2.9"
      },
      "dependencies": {
        "semver": {
          "version": "5.7.0",
          "resolved": "http://registry.npm.taobao.org/semver/download/semver-5.7.0.tgz",
          "integrity": "sha1-eQp89v6lRZuslhELKbYEEtyP+Ws="
        }
      }
    },
    "debug": {
      "version": "2.6.9",
      "resolved": "http://registry.npm.taobao.org/debug/download/debug-2.6.9.tgz",
      "integrity": "sha1-XRKFFd8TT/Mn6QpMk/Tgd6U2NB8=",
      "requires": {
        "ms": "2.0.0"
      }
    },
    "deepmerge": {
      "version": "3.2.0",
      "resolved": "http://registry.npm.taobao.org/deepmerge/download/deepmerge-3.2.0.tgz",
      "integrity": "sha1-WO9GOlfAjTdlR/iGn9xbzulX9E4="
    },
    "depd": {
      "version": "1.1.0",
      "resolved": "http://registry.npm.taobao.org/depd/download/depd-1.1.0.tgz",
      "integrity": "sha1-4b2Cxqq2ztlluXuIsX7T5SjKGMM="
    },
    "deprecation": {
      "version": "1.0.1",
      "resolved": "https://registry.npm.taobao.org/deprecation/download/deprecation-1.0.1.tgz",
      "integrity": "sha1-LfebeQBXUhgIFre24HnL2ASQ1xE="
    },
    "end-of-stream": {
      "version": "1.4.1",
      "resolved": "http://registry.npm.taobao.org/end-of-stream/download/end-of-stream-1.4.1.tgz",
      "integrity": "sha1-7SljTRm6ukY7bOa4CjchPqtx7EM=",
      "requires": {
        "once": "^1.4.0"
      }
    },
    "escape-string-regexp": {
      "version": "1.0.5",
      "resolved": "https://registry.npm.taobao.org/escape-string-regexp/download/escape-string-regexp-1.0.5.tgz",
      "integrity": "sha1-G2HAViGQqN/2rjuyzwIAyhMLhtQ="
    },
    "execa": {
      "version": "1.0.0",
      "resolved": "http://registry.npm.taobao.org/execa/download/execa-1.0.0.tgz?cache=0&other_urls=http%3A%2F%2Fregistry.npm.taobao.org%2Fexeca%2Fdownload%2Fexeca-1.0.0.tgz",
      "integrity": "sha1-xiNqW7TfbW8V6I5/AXeYIWdJ3dg=",
      "requires": {
        "cross-spawn": "^6.0.0",
        "get-stream": "^4.0.0",
        "is-stream": "^1.1.0",
        "npm-run-path": "^2.0.0",
        "p-finally": "^1.0.0",
        "signal-exit": "^3.0.0",
        "strip-eof": "^1.0.0"
      }
    },
    "extend": {
      "version": "3.0.2",
      "resolved": "http://registry.npm.taobao.org/extend/download/extend-3.0.2.tgz",
      "integrity": "sha1-+LETa0Bx+9jrFAr/hYsQGewpFfo="
    },
    "fast-json-parse": {
      "version": "1.0.3",
      "resolved": "https://registry.npm.taobao.org/fast-json-parse/download/fast-json-parse-1.0.3.tgz",
      "integrity": "sha1-Q+XGHuTvqSZWMwRrdw+2gqdXfE0="
    },
    "fast-safe-stringify": {
      "version": "1.2.3",
      "resolved": "https://registry.npm.taobao.org/fast-safe-stringify/download/fast-safe-stringify-1.2.3.tgz",
      "integrity": "sha1-n+IsN/svf4bwa48AQ3fb+PHue8E="
    },
    "flatstr": {
      "version": "1.0.11",
      "resolved": "https://registry.npm.taobao.org/flatstr/download/flatstr-1.0.11.tgz",
      "integrity": "sha1-5CFWY8y4oTWlSaHSnFQ/Beko54U="
    },
    "follow-redirects": {
      "version": "0.0.7",
      "resolved": "http://registry.npm.taobao.org/follow-redirects/download/follow-redirects-0.0.7.tgz",
      "integrity": "sha1-NLkLqyqRGqNHVx2pDyK9NuzYqRk=",
      "requires": {
        "debug": "^2.2.0",
        "stream-consume": "^0.1.0"
      }
    },
    "get-stream": {
      "version": "4.1.0",
      "resolved": "https://registry.npm.taobao.org/get-stream/download/get-stream-4.1.0.tgz",
      "integrity": "sha1-wbJVV189wh1Zv8ec09K0axw6VLU=",
      "requires": {
        "pump": "^3.0.0"
      }
    },
    "github": {
      "version": "10.1.0",
      "resolved": "https://registry.npm.taobao.org/github/download/github-10.1.0.tgz",
      "integrity": "sha1-z6TrrM+mdjUDLX5uV4u3XtKyvZY=",
      "requires": {
        "follow-redirects": "0.0.7",
        "https-proxy-agent": "^1.0.0",
        "mime": "^1.2.11",
        "netrc": "^0.1.4"
      }
    },
    "has-flag": {
      "version": "3.0.0",
      "resolved": "https://registry.npm.taobao.org/has-flag/download/has-flag-3.0.0.tgz",
      "integrity": "sha1-tdRU3CGZriJWmfNGfloH87lVuv0="
    },
    "http-errors": {
      "version": "1.6.1",
      "resolved": "http://registry.npm.taobao.org/http-errors/download/http-errors-1.6.1.tgz",
      "integrity": "sha1-X4uO2YrKVFZWv1cplzh/kEpyIlc=",
      "requires": {
        "depd": "1.1.0",
        "inherits": "2.0.3",
        "setprototypeof": "1.0.3",
        "statuses": ">= 1.3.1 < 2"
      }
    },
    "https-proxy-agent": {
      "version": "1.0.0",
      "resolved": "https://registry.npm.taobao.org/https-proxy-agent/download/https-proxy-agent-1.0.0.tgz",
      "integrity": "sha1-NffabEjOTdv6JkiRrFk+5f+GceY=",
      "requires": {
        "agent-base": "2",
        "debug": "2",
        "extend": "3"
      }
    },
    "iconv-lite": {
      "version": "0.4.18",
      "resolved": "http://registry.npm.taobao.org/iconv-lite/download/iconv-lite-0.4.18.tgz",
      "integrity": "sha1-I9hlaxaq5nQqwpcy6o8DNqR4nPI="
    },
    "inherits": {
      "version": "2.0.3",
      "resolved": "http://registry.npm.taobao.org/inherits/download/inherits-2.0.3.tgz",
      "integrity": "sha1-Yzwsg+PaQqUC9SRmAiSA9CCCYd4="
    },
    "is-alphabetical": {
      "version": "1.0.3",
      "resolved": "https://registry.npm.taobao.org/is-alphabetical/download/is-alphabetical-1.0.3.tgz",
      "integrity": "sha1-6wTMRyGaiJXYRQrORxWr/yJYofg="
    },
    "is-alphanumeric": {
      "version": "1.0.0",
      "resolved": "https://registry.npm.taobao.org/is-alphanumeric/download/is-alphanumeric-1.0.0.tgz",
      "integrity": "sha1-Spzvcdr0wAHB2B1j0UDPU/1oifQ="
    },
    "is-alphanumerical": {
      "version": "1.0.3",
      "resolved": "https://registry.npm.taobao.org/is-alphanumerical/download/is-alphanumerical-1.0.3.tgz",
      "integrity": "sha1-V64hw3Qnez3v4CdMZApXBLj2ZXw=",
      "requires": {
        "is-alphabetical": "^1.0.0",
        "is-decimal": "^1.0.0"
      }
    },
    "is-buffer": {
      "version": "2.0.3",
      "resolved": "http://registry.npm.taobao.org/is-buffer/download/is-buffer-2.0.3.tgz",
      "integrity": "sha1-Ts8/z3ScvR5HJonhCaxmJhol5yU="
    },
    "is-decimal": {
      "version": "1.0.3",
      "resolved": "https://registry.npm.taobao.org/is-decimal/download/is-decimal-1.0.3.tgz",
      "integrity": "sha1-OBBodZudyAfYwNwL+64raOHaSLc="
    },
    "is-hexadecimal": {
      "version": "1.0.3",
      "resolved": "https://registry.npm.taobao.org/is-hexadecimal/download/is-hexadecimal-1.0.3.tgz",
      "integrity": "sha1-6KQmppttMUcNOjOke7glzaAlBu4="
    },
    "is-plain-obj": {
      "version": "1.1.0",
      "resolved": "https://registry.npm.taobao.org/is-plain-obj/download/is-plain-obj-1.1.0.tgz",
      "integrity": "sha1-caUMhCnfync8kqOQpKA7OfzVHT4="
    },
    "is-plain-object": {
      "version": "3.0.0",
      "resolved": "https://registry.npm.taobao.org/is-plain-object/download/is-plain-object-3.0.0.tgz",
      "integrity": "sha1-R7/F2htdUNZBEIBsGZNZSC51qSg=",
      "requires": {
        "isobject": "^4.0.0"
      }
    },
    "is-stream": {
      "version": "1.1.0",
      "resolved": "https://registry.npm.taobao.org/is-stream/download/is-stream-1.1.0.tgz",
      "integrity": "sha1-EtSj3U5o4Lec6428hBc66A2RykQ="
    },
    "is-whitespace-character": {
      "version": "1.0.2",
      "resolved": "https://registry.npm.taobao.org/is-whitespace-character/download/is-whitespace-character-1.0.2.tgz",
      "integrity": "sha1-7eU7TG9vs4dFM3UeySgNAZKNA+0="
    },
    "is-word-character": {
      "version": "1.0.3",
      "resolved": "https://registry.npm.taobao.org/is-word-character/download/is-word-character-1.0.3.tgz",
      "integrity": "sha1-Jk0VVBy60LqDPTmSw05rQIc7CKo="
    },
    "isarray": {
      "version": "1.0.0",
      "resolved": "http://registry.npm.taobao.org/isarray/download/isarray-1.0.0.tgz",
      "integrity": "sha1-u5NdSFgsuhaMBoNJV6VKPgcSTxE="
    },
    "isexe": {
      "version": "2.0.0",
      "resolved": "http://registry.npm.taobao.org/isexe/download/isexe-2.0.0.tgz",
      "integrity": "sha1-6PvzdNxVb/iUehDcsFctYz8s+hA="
    },
    "isobject": {
      "version": "4.0.0",
      "resolved": "https://registry.npm.taobao.org/isobject/download/isobject-4.0.0.tgz",
      "integrity": "sha1-PxyRVec7GSAiqAgZus0DQ3EWl7A="
    },
    "lodash.get": {
      "version": "4.4.2",
      "resolved": "http://registry.npm.taobao.org/lodash.get/download/lodash.get-4.4.2.tgz",
      "integrity": "sha1-LRd/ZS+jHpObRDjVNBSZ36OCXpk="
    },
    "lodash.set": {
      "version": "4.3.2",
      "resolved": "https://registry.npm.taobao.org/lodash.set/download/lodash.set-4.3.2.tgz",
      "integrity": "sha1-2HV7HagH3eJIFrDWqEvqGnYjCyM="
    },
    "lodash.uniq": {
      "version": "4.5.0",
      "resolved": "http://registry.npm.taobao.org/lodash.uniq/download/lodash.uniq-4.5.0.tgz",
      "integrity": "sha1-0CJTc662Uq3BvILklFM5qEJ1R3M="
    },
    "longest-streak": {
      "version": "2.0.2",
      "resolved": "https://registry.npm.taobao.org/longest-streak/download/longest-streak-2.0.2.tgz",
      "integrity": "sha1-JCG2upOaRDu5/+v1llhaULTDji4="
    },
    "macos-release": {
      "version": "2.2.0",
      "resolved": "https://registry.npm.taobao.org/macos-release/download/macos-release-2.2.0.tgz",
      "integrity": "sha1-q1jVXdRxTwoFrUsOkPQ3D+9c3qg="
    },
    "markdown-escapes": {
      "version": "1.0.3",
      "resolved": "https://registry.npm.taobao.org/markdown-escapes/download/markdown-escapes-1.0.3.tgz",
      "integrity": "sha1-YVXhBBbvqvq2ZdRmzlmCFjdRlfU="
    },
    "markdown-table": {
      "version": "1.1.3",
      "resolved": "https://registry.npm.taobao.org/markdown-table/download/markdown-table-1.1.3.tgz",
      "integrity": "sha1-n8tpvP24cXv9A5jG7C2TA2743mA="
    },
    "mdast-util-compact": {
      "version": "1.0.2",
      "resolved": "https://registry.npm.taobao.org/mdast-util-compact/download/mdast-util-compact-1.0.2.tgz",
      "integrity": "sha1-wS6+Fv/8hFc9Phl2dybeIm6V9kk=",
      "requires": {
        "unist-util-visit": "^1.1.0"
      }
    },
    "media-typer": {
      "version": "0.3.0",
      "resolved": "https://registry.npm.taobao.org/media-typer/download/media-typer-0.3.0.tgz",
      "integrity": "sha1-hxDXrwqmJvj/+hzgAWhUUmMlV0g="
    },
    "micro": {
      "version": "8.0.4",
      "resolved": "https://registry.npm.taobao.org/micro/download/micro-8.0.4.tgz",
      "integrity": "sha1-q3PvHsWJKmQy7fr+MiAMjUFJjvc=",
      "requires": {
        "is-stream": "1.1.0",
        "media-typer": "0.3.0",
        "mri": "1.1.0",
        "raw-body": "2.3.0"
      }
    },
    "mime": {
      "version": "1.6.0",
      "resolved": "https://registry.npm.taobao.org/mime/download/mime-1.6.0.tgz",
      "integrity": "sha1-Ms2eXGRVO9WNGaVor0Uqz/BJgbE="
    },
    "mri": {
      "version": "1.1.0",
      "resolved": "https://registry.npm.taobao.org/mri/download/mri-1.1.0.tgz",
      "integrity": "sha1-XAo/KcjM/7ux7JQdzsCdcfoy82o="
    },
    "ms": {
      "version": "2.0.0",
      "resolved": "http://registry.npm.taobao.org/ms/download/ms-2.0.0.tgz",
      "integrity": "sha1-VgiurfwAvmwpAd9fmGF4jeDVl8g="
    },
    "netrc": {
      "version": "0.1.4",
      "resolved": "https://registry.npm.taobao.org/netrc/download/netrc-0.1.4.tgz",
      "integrity": "sha1-a+lPysqNd63gqWcNxGCRTJRHJEQ="
    },
    "nice-try": {
      "version": "1.0.5",
      "resolved": "http://registry.npm.taobao.org/nice-try/download/nice-try-1.0.5.tgz",
      "integrity": "sha1-ozeKdpbOfSI+iPybdkvX7xCJ42Y="
    },
    "node-fetch": {
      "version": "2.5.0",
      "resolved": "https://registry.npm.taobao.org/node-fetch/download/node-fetch-2.5.0.tgz",
      "integrity": "sha1-gCjEn8EZG7pWoHrcbiqVRkSkhQE="
    },
    "npm-run-path": {
      "version": "2.0.2",
      "resolved": "https://registry.npm.taobao.org/npm-run-path/download/npm-run-path-2.0.2.tgz",
      "integrity": "sha1-NakjLfo11wZ7TLLd8jV7GHFTbF8=",
      "requires": {
        "path-key": "^2.0.0"
      }
    },
    "octokit-pagination-methods": {
      "version": "1.1.0",
      "resolved": "https://registry.npm.taobao.org/octokit-pagination-methods/download/octokit-pagination-methods-1.1.0.tgz",
      "integrity": "sha1-z0cu3J1VEFX573P25CtNu0yAvqQ="
    },
    "once": {
      "version": "1.4.0",
      "resolved": "http://registry.npm.taobao.org/once/download/once-1.4.0.tgz",
      "integrity": "sha1-WDsap3WWHUsROsF9nFC6753Xa9E=",
      "requires": {
        "wrappy": "1"
      }
    },
    "os-name": {
      "version": "3.1.0",
      "resolved": "https://registry.npm.taobao.org/os-name/download/os-name-3.1.0.tgz",
      "integrity": "sha1-3sGdlmKW4c1i1wGlpm7h3ernCAE=",
      "requires": {
        "macos-release": "^2.2.0",
        "windows-release": "^3.1.0"
      }
    },
    "p-finally": {
      "version": "1.0.0",
      "resolved": "http://registry.npm.taobao.org/p-finally/download/p-finally-1.0.0.tgz",
      "integrity": "sha1-P7z7FbiZpEEjs0ttzBi3JDNqLK4="
    },
    "pangu": {
      "version": "git+ssh://git@github.com/sunui/pangu.js.git#9ce28679903c4b61f2637103485f534d8cd835a0",
      "from": "git+ssh://git@github.com/sunui/pangu.js.git"
    },
    "parse-entities": {
      "version": "1.2.1",
      "resolved": "https://registry.npm.taobao.org/parse-entities/download/parse-entities-1.2.1.tgz",
      "integrity": "sha1-LHYc7QZbp9xoFIWAtaIl5JGM3Wk=",
      "requires": {
        "character-entities": "^1.0.0",
        "character-entities-legacy": "^1.0.0",
        "character-reference-invalid": "^1.0.0",
        "is-alphanumerical": "^1.0.0",
        "is-decimal": "^1.0.0",
        "is-hexadecimal": "^1.0.0"
      }
    },
    "path-key": {
      "version": "2.0.1",
      "resolved": "https://registry.npm.taobao.org/path-key/download/path-key-2.0.1.tgz",
      "integrity": "sha1-QRyttXTFoUDTpLGRDUDYDMn0C0A="
    },
    "pino": {
      "version": "4.17.6",
      "resolved": "https://registry.npm.taobao.org/pino/download/pino-4.17.6.tgz",
      "integrity": "sha1-jCN/Oin0EE+JMhwlA33qtqeZj7Q=",
      "requires": {
        "chalk": "^2.4.1",
        "fast-json-parse": "^1.0.3",
        "fast-safe-stringify": "^1.2.3",
        "flatstr": "^1.0.5",
        "pino-std-serializers": "^2.0.0",
        "pump": "^3.0.0",
        "quick-format-unescaped": "^1.1.2",
        "split2": "^2.2.0"
      }
    },
    "pino-std-serializers": {
      "version": "2.4.0",
      "resolved": "https://registry.npm.taobao.org/pino-std-serializers/download/pino-std-serializers-2.4.0.tgz",
      "integrity": "sha1-wFiLWrCQWsVbriy2FjntkxU2gfs="
    },
    "process-nextick-args": {
      "version": "2.0.0",
      "resolved": "http://registry.npm.taobao.org/process-nextick-args/download/process-nextick-args-2.0.0.tgz",
      "integrity": "sha1-o31zL0JxtKsa0HDTVQjoKQeI/6o="
    },
    "pump": {
      "version": "3.0.0",
      "resolved": "http://registry.npm.taobao.org/pump/download/pump-3.0.0.tgz",
      "integrity": "sha1-tKIRaBW94vTh6mAjVOjHVWUQemQ=",
      "requires": {
        "end-of-stream": "^1.1.0",
        "once": "^1.3.1"
      }
    },
    "quick-format-unescaped": {
      "version": "1.1.2",
      "resolved": "https://registry.npm.taobao.org/quick-format-unescaped/download/quick-format-unescaped-1.1.2.tgz",
      "integrity": "sha1-DKWB3jF0vs7yWsPC6JVjQjgdtpg=",
      "requires": {
        "fast-safe-stringify": "^1.0.8"
      }
    },
    "raw-body": {
      "version": "2.3.0",
      "resolved": "https://registry.npm.taobao.org/raw-body/download/raw-body-2.3.0.tgz",
      "integrity": "sha1-95zhrKyrpbY2LTNFTXhdcSn0vGc=",
      "requires": {
        "bytes": "2.5.0",
        "http-errors": "1.6.1",
        "iconv-lite": "0.4.18",
        "unpipe": "1.0.0"
      }
    },
    "readable-stream": {
      "version": "2.3.6",
      "resolved": "https://registry.npm.taobao.org/readable-stream/download/readable-stream-2.3.6.tgz?cache=0&other_urls=https%3A%2F%2Fregistry.npm.taobao.org%2Freadable-stream%2Fdownload%2Freadable-stream-2.3.6.tgz",
      "integrity": "sha1-sRwn2IuP8fvgcGQ8+UsMea4bCq8=",
      "requires": {
        "core-util-is": "~1.0.0",
        "inherits": "~2.0.3",
        "isarray": "~1.0.0",
        "process-nextick-args": "~2.0.0",
        "safe-buffer": "~5.1.1",
        "string_decoder": "~1.1.1",
        "util-deprecate": "~1.0.1"
      }
    },
    "remark": {
      "version": "git+ssh://git@github.com/sunui/remark.git#69e18a982830e181b9d9ded26cc6f281715fa8fd",
      "from": "git+ssh://git@github.com/sunui/remark.git",
      "requires": {
        "ccount": "^1.0.0",
        "collapse-white-space": "^1.0.2",
        "is-alphabetical": "^1.0.0",
        "is-alphanumeric": "^1.0.0",
        "is-decimal": "^1.0.0",
        "is-whitespace-character": "^1.0.0",
        "is-word-character": "^1.0.0",
        "longest-streak": "^2.0.1",
        "markdown-escapes": "^1.0.0",
        "markdown-table": "^1.1.0",
        "mdast-util-compact": "^1.0.0",
        "parse-entities": "^1.1.0",
        "repeat-string": "^1.5.4",
        "state-toggle": "^1.0.0",
        "stringify-entities": "^1.0.1",
        "trim": "0.0.1",
        "trim-trailing-lines": "^1.0.0",
        "unherit": "^1.0.4",
        "unified": "^7.0.0",
        "unist-util-remove-position": "^1.0.0",
        "vfile-location": "^2.0.0",
        "xtend": "^4.0.1"
      }
    },
    "repeat-string": {
      "version": "1.6.1",
      "resolved": "http://registry.npm.taobao.org/repeat-string/download/repeat-string-1.6.1.tgz",
      "integrity": "sha1-jcrkcOHIirwtYA//Sndihtp15jc="
    },
    "replace-ext": {
      "version": "1.0.0",
      "resolved": "https://registry.npm.taobao.org/replace-ext/download/replace-ext-1.0.0.tgz",
      "integrity": "sha1-3mMSg3P8v3w8z6TeWkgMRaZ5WOs="
    },
    "safe-buffer": {
      "version": "5.1.2",
      "resolved": "http://registry.npm.taobao.org/safe-buffer/download/safe-buffer-5.1.2.tgz",
      "integrity": "sha1-mR7GnSluAxN0fVm9/St0XDX4go0="
    },
    "semver": {
      "version": "5.0.3",
      "resolved": "http://registry.npm.taobao.org/semver/download/semver-5.0.3.tgz",
      "integrity": "sha1-d0Zt5YnNXTyV8TiqeLxWmjy10no="
    },
    "setprototypeof": {
      "version": "1.0.3",
      "resolved": "http://registry.npm.taobao.org/setprototypeof/download/setprototypeof-1.0.3.tgz",
      "integrity": "sha1-ZlZ+NwQ+608E2RvWWMDL77VbjgQ="
    },
    "shebang-command": {
      "version": "1.2.0",
      "resolved": "http://registry.npm.taobao.org/shebang-command/download/shebang-command-1.2.0.tgz",
      "integrity": "sha1-RKrGW2lbAzmJaMOfNj/uXer98eo=",
      "requires": {
        "shebang-regex": "^1.0.0"
      }
    },
    "shebang-regex": {
      "version": "1.0.0",
      "resolved": "https://registry.npm.taobao.org/shebang-regex/download/shebang-regex-1.0.0.tgz",
      "integrity": "sha1-2kL0l0DAtC2yypcoVxyxkMmO/qM="
    },
    "signal-exit": {
      "version": "3.0.2",
      "resolved": "http://registry.npm.taobao.org/signal-exit/download/signal-exit-3.0.2.tgz",
      "integrity": "sha1-tf3AjxKH6hF4Yo5BXiUTK3NkbG0="
    },
    "split2": {
      "version": "2.2.0",
      "resolved": "https://registry.npm.taobao.org/split2/download/split2-2.2.0.tgz",
      "integrity": "sha1-GGsldbz4PoW30YRldWI47k7kJJM=",
      "requires": {
        "through2": "^2.0.2"
      }
    },
    "state-toggle": {
      "version": "1.0.1",
      "resolved": "https://registry.npm.taobao.org/state-toggle/download/state-toggle-1.0.1.tgz",
      "integrity": "sha1-w8sJdPQKag+OkFuWeJ60Gvoc3jo="
    },
    "statuses": {
      "version": "1.5.0",
      "resolved": "http://registry.npm.taobao.org/statuses/download/statuses-1.5.0.tgz",
      "integrity": "sha1-Fhx9rBd2Wf2YEfQ3cfqZOBR4Yow="
    },
    "stream-consume": {
      "version": "0.1.1",
      "resolved": "https://registry.npm.taobao.org/stream-consume/download/stream-consume-0.1.1.tgz",
      "integrity": "sha1-0721mMK9CugrjKx6xQsRB6eZbEg="
    },
    "string_decoder": {
      "version": "1.1.1",
      "resolved": "http://registry.npm.taobao.org/string_decoder/download/string_decoder-1.1.1.tgz",
      "integrity": "sha1-nPFhG6YmhdcDCunkujQUnDrwP8g=",
      "requires": {
        "safe-buffer": "~5.1.0"
      }
    },
    "stringify-entities": {
      "version": "1.3.2",
      "resolved": "https://registry.npm.taobao.org/stringify-entities/download/stringify-entities-1.3.2.tgz",
      "integrity": "sha1-qYQX5Ucf0iez5F09sYYcEcr2aPc=",
      "requires": {
        "character-entities-html4": "^1.0.0",
        "character-entities-legacy": "^1.0.0",
        "is-alphanumerical": "^1.0.0",
        "is-hexadecimal": "^1.0.0"
      }
    },
    "strip-eof": {
      "version": "1.0.0",
      "resolved": "http://registry.npm.taobao.org/strip-eof/download/strip-eof-1.0.0.tgz",
      "integrity": "sha1-u0P/VZim6wXYm1n80SnJgzE2Br8="
    },
    "supports-color": {
      "version": "5.5.0",
      "resolved": "http://registry.npm.taobao.org/supports-color/download/supports-color-5.5.0.tgz",
      "integrity": "sha1-4uaaRKyHcveKHsCzW2id9lMO/I8=",
      "requires": {
        "has-flag": "^3.0.0"
      }
    },
    "through2": {
      "version": "2.0.5",
      "resolved": "http://registry.npm.taobao.org/through2/download/through2-2.0.5.tgz",
      "integrity": "sha1-AcHjnrMdB8t9A6lqcIIyYLIxMs0=",
      "requires": {
        "readable-stream": "~2.3.6",
        "xtend": "~4.0.1"
      }
    },
    "trim": {
      "version": "0.0.1",
      "resolved": "https://registry.npm.taobao.org/trim/download/trim-0.0.1.tgz",
      "integrity": "sha1-WFhUf2spB1fulczMZm+1AITEYN0="
    },
    "trim-trailing-lines": {
      "version": "1.1.2",
      "resolved": "https://registry.npm.taobao.org/trim-trailing-lines/download/trim-trailing-lines-1.1.2.tgz",
      "integrity": "sha1-0vHhUxYRUunwL6vGcPtAvsLqLjo="
    },
    "trough": {
      "version": "1.0.3",
      "resolved": "https://registry.npm.taobao.org/trough/download/trough-1.0.3.tgz",
      "integrity": "sha1-4pvRYUxkWNRIafwoslWreFfvfCQ="
    },
    "unherit": {
      "version": "1.1.2",
      "resolved": "https://registry.npm.taobao.org/unherit/download/unherit-1.1.2.tgz",
      "integrity": "sha1-FPHzlyU+5OyVzsFndi5334NnhEk=",
      "requires": {
        "inherits": "^2.0.1",
        "xtend": "^4.0.1"
      }
    },
    "unified": {
      "version": "7.1.0",
      "resolved": "https://registry.npm.taobao.org/unified/download/unified-7.1.0.tgz",
      "integrity": "sha1-UDLxwe4zZL0J2hLif91KdVPHvhM=",
      "requires": {
        "@types/unist": "^2.0.0",
        "@types/vfile": "^3.0.0",
        "bail": "^1.0.0",
        "extend": "^3.0.0",
        "is-plain-obj": "^1.1.0",
        "trough": "^1.0.0",
        "vfile": "^3.0.0",
        "x-is-string": "^0.1.0"
      }
    },
    "unist-util-is": {
      "version": "2.1.2",
      "resolved": "https://registry.npm.taobao.org/unist-util-is/download/unist-util-is-2.1.2.tgz",
      "integrity": "sha1-EZP6jyv7u4IVBjPzqNLrmhwdVds="
    },
    "unist-util-remove-position": {
      "version": "1.1.2",
      "resolved": "https://registry.npm.taobao.org/unist-util-remove-position/download/unist-util-remove-position-1.1.2.tgz",
      "integrity": "sha1-hrXa0QTQu/vrHbX1yS81cFdcEss=",
      "requires": {
        "unist-util-visit": "^1.1.0"
      }
    },
    "unist-util-stringify-position": {
      "version": "1.1.2",
      "resolved": "https://registry.npm.taobao.org/unist-util-stringify-position/download/unist-util-stringify-position-1.1.2.tgz",
      "integrity": "sha1-Pzf881EnncvKdICrWIm7ioMu4cY="
    },
    "unist-util-visit": {
      "version": "1.4.0",
      "resolved": "https://registry.npm.taobao.org/unist-util-visit/download/unist-util-visit-1.4.0.tgz",
      "integrity": "sha1-HLdjZHGG3Cb14d9dtr0eSLPML7E=",
      "requires": {
        "unist-util-visit-parents": "^2.0.0"
      }
    },
    "unist-util-visit-parents": {
      "version": "2.0.1",
      "resolved": "https://registry.npm.taobao.org/unist-util-visit-parents/download/unist-util-visit-parents-2.0.1.tgz",
      "integrity": "sha1-Y//8iSkCe+4Ev+99LM5HT3HLYhc=",
      "requires": {
        "unist-util-is": "^2.1.2"
      }
    },
    "universal-user-agent": {
      "version": "2.1.0",
      "resolved": "https://registry.npm.taobao.org/universal-user-agent/download/universal-user-agent-2.1.0.tgz",
      "integrity": "sha1-Wr+8wDahukkMuUH4/WjEbTZp6OQ=",
      "requires": {
        "os-name": "^3.0.0"
      }
    },
    "unpipe": {
      "version": "1.0.0",
      "resolved": "http://registry.npm.taobao.org/unpipe/download/unpipe-1.0.0.tgz",
      "integrity": "sha1-sr9O6FFKrmFltIF4KdIbLvSZBOw="
    },
    "url-template": {
      "version": "2.0.8",
      "resolved": "https://registry.npm.taobao.org/url-template/download/url-template-2.0.8.tgz",
      "integrity": "sha1-/FZaPMy/93MMd19WQflVV5FDnyE="
    },
    "util-deprecate": {
      "version": "1.0.2",
      "resolved": "http://registry.npm.taobao.org/util-deprecate/download/util-deprecate-1.0.2.tgz",
      "integrity": "sha1-RQ1Nyfpw3nMnYvvS1KKJgUGaDM8="
    },
    "vfile": {
      "version": "3.0.1",
      "resolved": "https://registry.npm.taobao.org/vfile/download/vfile-3.0.1.tgz",
      "integrity": "sha1-RzMdKr4ygkJPSku2rNIKRMQSGAM=",
      "requires": {
        "is-buffer": "^2.0.0",
        "replace-ext": "1.0.0",
        "unist-util-stringify-position": "^1.0.0",
        "vfile-message": "^1.0.0"
      }
    },
    "vfile-location": {
      "version": "2.0.4",
      "resolved": "https://registry.npm.taobao.org/vfile-location/download/vfile-location-2.0.4.tgz",
      "integrity": "sha1-Kl5yl90Nni2kOBRk0ErMa4NNPlU="
    },
    "vfile-message": {
      "version": "1.1.1",
      "resolved": "https://registry.npm.taobao.org/vfile-message/download/vfile-message-1.1.1.tgz",
      "integrity": "sha1-WDOuB4od+i2W6WR4hs0ymTqzE+E=",
      "requires": {
        "unist-util-stringify-position": "^1.1.1"
      }
    },
    "which": {
      "version": "1.3.1",
      "resolved": "http://registry.npm.taobao.org/which/download/which-1.3.1.tgz",
      "integrity": "sha1-pFBD1U9YBTFtqNYvn1CRjT2nCwo=",
      "requires": {
        "isexe": "^2.0.0"
      }
    },
    "windows-release": {
      "version": "3.2.0",
      "resolved": "https://registry.npm.taobao.org/windows-release/download/windows-release-3.2.0.tgz",
      "integrity": "sha1-gSLa1a/DA9gzQiOAaAp5zfqReF8=",
      "requires": {
        "execa": "^1.0.0"
      }
    },
    "wrappy": {
      "version": "1.0.2",
      "resolved": "http://registry.npm.taobao.org/wrappy/download/wrappy-1.0.2.tgz",
      "integrity": "sha1-tSQ9jz7BqjXxNkYFvA0QNuMKtp8="
    },
    "x-is-string": {
      "version": "0.1.0",
      "resolved": "https://registry.npm.taobao.org/x-is-string/download/x-is-string-0.1.0.tgz",
      "integrity": "sha1-R0tQhlrzpJqcRlfwWs0UVFj3fYI="
    },
    "xtend": {
      "version": "4.0.1",
      "resolved": "http://registry.npm.taobao.org/xtend/download/xtend-4.0.1.tgz",
      "integrity": "sha1-pcbVMr5lbiPbgg77lDofBJmNY68="
    }
  }
}
